# THIS IS AN AUTOGENERATED FILE. DO NOT EDIT THIS FILE DIRECTLY.
# yarn lockfile v1


typescript@^3.9.3:
  version "3.9.3"
  resolved "https://registry.yarnpkg.com/typescript/-/typescript-3.9.3.tgz#d3ac8883a97c26139e42df5e93eeece33d610b8a"
  integrity sha512-D/wqnB2xzNFIcoBG9FG8cXRDjiqSTbG2wd8DMZeQyJlP1vfTkIxH4GKveWaEBYySKIg+USu+E+EDIR47SqnaMQ==

verbinden@^0.0.6:
  version "0.0.6"
  resolved "https://registry.yarnpkg.com/verbinden/-/verbinden-0.0.6.tgz#776b90fa7a7c0cf21d26500cf7ffcdd891308c8f"
  integrity sha512-5SnjLBZ7uiU4HJbMDR8hIFJQ7XeXrkIOZLQc3XJWSmbGiuQpkJjFzxsqX/jIMRZfJDmrWRzmc/lK2JYOS9ggrA==
  dependencies:
    typescript "^3.9.3"
    ws "^7.3.0"

ws@^7.3.0, ws@^7.4.6:
  version "7.4.6"
  resolved "https://registry.yarnpkg.com/ws/-/ws-7.4.6.tgz#5654ca8ecdeee47c33a9a4bf6d28e2be2980377c"
  integrity sha512-YmhHDO4MzaDLB+M9ym/mDA5z0naX8j7SIlT8f8z+I0VtzsRbekxEutHSme7NPS2qE8StCYQNUnfWdXta/Yu85A==
